
Microsoft Visual Studio Solution File, Format Version 12.00
# Visual Studio Version 16
VisualStudioVersion = 16.0.30907.101
MinimumVisualStudioVersion = 10.0.40219.1
Project("{FAE04EC0-301F-11D3-BF4B-00C04F79EFBC}") = "BlazorApp.Client", "BlazorApp\Client\BlazorApp.Client.csproj", "{5C483FAC-7C6E-4FC1-98F6-523723EC14EF}"
EndProject
Project("{FAE04EC0-301F-11D3-BF4B-00C04F79EFBC}") = "BlazorApp.Shared", "BlazorApp\Shared\BlazorApp.Shared.csproj", "{852BD324-F855-4E75-97B0-980BFDFF27F4}"
EndProject
Global
	GlobalSection(SolutionConfigurationPlatforms) = preSolution
		Debug|Any CPU = Debug|Any CPU
		Release|Any CPU = Release|Any CPU
	EndGlobalSection
	GlobalSection(ProjectConfigurationPlatforms) = postSolution
		{5C483FAC-7C6E-4FC1-98F6-523723EC14EF}.Debug|Any CPU.ActiveCfg = Debug|Any CPU
		{5C483FAC-7C6E-4FC1-98F6-523723EC14EF}.Debug|Any CPU.Build.0 = Debug|Any CPU
		{5C483FAC-7C6E-4FC1-98F6-523723EC14EF}.Release|Any CPU.ActiveCfg = Release|Any CPU
		{5C483FAC-7C6E-4FC1-98F6-523723EC14EF}.Release|Any CPU.Build.0 = Release|Any CPU
		{852BD324-F855-4E75-97B0-980BFDFF27F4}.Debug|Any CPU.ActiveCfg = Debug|Any CPU
		{852BD324-F855-4E75-97B0-980BFDFF27F4}.Debug|Any CPU.Build.0 = Debug|Any CPU
		{852BD324-F855-4E75-97B0-980BFDFF27F4}.Release|Any CPU.ActiveCfg = Release|Any CPU
		{852BD324-F855-4E75-97B0-980BFDFF27F4}.Release|Any CPU.Build.0 = Release|Any CPU
	EndGlobalSection
	GlobalSection(SolutionProperties) = preSolution
		HideSolutionNode = FALSE
	EndGlobalSection
	GlobalSection(ExtensibilityGlobals) = postSolution
		SolutionGuid = {CD2DB3D9-6F63-463A-9FA4-EC125D25DB53}
	EndGlobalSection
EndGlobal
